// !$*UTF8*$!
{
	archiveVersion = 1;
	classes = {
	};
	objectVersion = 50;
	objects = {

/* Begin PBXBuildFile section */
		0531A9FF2252135C001E96F6 /* Constants.swift in Sources */ = {isa = PBXBuildFile; fileRef = 0531A9FE2252135C001E96F6 /* Constants.swift */; };
		0531AA0122521366001E96F6 /* InstagramLoginViewController.swift in Sources */ = {isa = PBXBuildFile; fileRef = 0531AA0022521366001E96F6 /* InstagramLoginViewController.swift */; };
		0531AA0322521373001E96F6 /* AppDelegate.swift in Sources */ = {isa = PBXBuildFile; fileRef = 0531AA0222521373001E96F6 /* AppDelegate.swift */; };
		0531AA07225213D0001E96F6 /* LoginViewController.swift in Sources */ = {isa = PBXBuildFile; fileRef = 0531AA06225213D0001E96F6 /* LoginViewController.swift */; };
		0531AA09225213F7001E96F6 /* ViewController.swift in Sources */ = {isa = PBXBuildFile; fileRef = 0531AA08225213F7001E96F6 /* ViewController.swift */; };
		0531AA0B22521480001E96F6 /* LinksViewController.swift in Sources */ = {isa = PBXBuildFile; fileRef = 0531AA0A22521480001E96F6 /* LinksViewController.swift */; };
		2C8565A32254A4D500D38D47 /* Raleway-Medium.ttf in Resources */ = {isa = PBXBuildFile; fileRef = 2C85659C2254A4D500D38D47 /* Raleway-Medium.ttf */; };
		2C8565A42254A4D500D38D47 /* Raleway-SemiBold.ttf in Resources */ = {isa = PBXBuildFile; fileRef = 2C85659D2254A4D500D38D47 /* Raleway-SemiBold.ttf */; };
		2C8565A52254A4D500D38D47 /* Raleway-Thin.ttf in Resources */ = {isa = PBXBuildFile; fileRef = 2C85659E2254A4D500D38D47 /* Raleway-Thin.ttf */; };
		2C8565A62254A4D500D38D47 /* Raleway-Regular.ttf in Resources */ = {isa = PBXBuildFile; fileRef = 2C85659F2254A4D500D38D47 /* Raleway-Regular.ttf */; };
		2C8565A72254A4D500D38D47 /* Raleway-ExtraBold.ttf in Resources */ = {isa = PBXBuildFile; fileRef = 2C8565A02254A4D500D38D47 /* Raleway-ExtraBold.ttf */; };
		2C8565A82254A4D500D38D47 /* Raleway-Light.ttf in Resources */ = {isa = PBXBuildFile; fileRef = 2C8565A12254A4D500D38D47 /* Raleway-Light.ttf */; };
		2C8565A92254A4D500D38D47 /* Raleway-ExtraLight.ttf in Resources */ = {isa = PBXBuildFile; fileRef = 2C8565A22254A4D500D38D47 /* Raleway-ExtraLight.ttf */; };
		CC3545D12B194911F520F081 /* Pods_Swap_design.framework in Frameworks */ = {isa = PBXBuildFile; fileRef = 48E78D8AE2E5BAFAC573C7EC /* Pods_Swap_design.framework */; };
		DE314D52224CCD1F003BD454 /* Main.storyboard in Resources */ = {isa = PBXBuildFile; fileRef = DE314D50224CCD1F003BD454 /* Main.storyboard */; };
		DE314D54224CCD24003BD454 /* Assets.xcassets in Resources */ = {isa = PBXBuildFile; fileRef = DE314D53224CCD24003BD454 /* Assets.xcassets */; };
		DE314D57224CCD24003BD454 /* LaunchScreen.storyboard in Resources */ = {isa = PBXBuildFile; fileRef = DE314D55224CCD24003BD454 /* LaunchScreen.storyboard */; };
		DEA9001122526C1D0018333C /* GoogleService-Info.plist in Resources */ = {isa = PBXBuildFile; fileRef = DEA9001022526C1D0018333C /* GoogleService-Info.plist */; };
		DEA900142252B2710018333C /* RoundedButton.swift in Sources */ = {isa = PBXBuildFile; fileRef = DEA900122252B2700018333C /* RoundedButton.swift */; };
		DEA900152252B2710018333C /* RoundedTopView.swift in Sources */ = {isa = PBXBuildFile; fileRef = DEA900132252B2700018333C /* RoundedTopView.swift */; };
		DEA900172253DFC90018333C /* RoundedTextField.swift in Sources */ = {isa = PBXBuildFile; fileRef = DEA900162253DFC90018333C /* RoundedTextField.swift */; };
/* End PBXBuildFile section */

/* Begin PBXFileReference section */
		0531A9FE2252135C001E96F6 /* Constants.swift */ = {isa = PBXFileReference; fileEncoding = 4; lastKnownFileType = sourcecode.swift; path = Constants.swift; sourceTree = "<group>"; };
		0531AA0022521366001E96F6 /* InstagramLoginViewController.swift */ = {isa = PBXFileReference; fileEncoding = 4; lastKnownFileType = sourcecode.swift; path = InstagramLoginViewController.swift; sourceTree = "<group>"; };
		0531AA0222521373001E96F6 /* AppDelegate.swift */ = {isa = PBXFileReference; fileEncoding = 4; lastKnownFileType = sourcecode.swift; path = AppDelegate.swift; sourceTree = "<group>"; };
		0531AA042252138C001E96F6 /* Info.plist */ = {isa = PBXFileReference; fileEncoding = 4; lastKnownFileType = text.plist.xml; path = Info.plist; sourceTree = "<group>"; };
		0531AA06225213D0001E96F6 /* LoginViewController.swift */ = {isa = PBXFileReference; fileEncoding = 4; lastKnownFileType = sourcecode.swift; path = LoginViewController.swift; sourceTree = "<group>"; };
		0531AA08225213F7001E96F6 /* ViewController.swift */ = {isa = PBXFileReference; lastKnownFileType = sourcecode.swift; path = ViewController.swift; sourceTree = "<group>"; };
		0531AA0A22521480001E96F6 /* LinksViewController.swift */ = {isa = PBXFileReference; lastKnownFileType = sourcecode.swift; path = LinksViewController.swift; sourceTree = "<group>"; };
		2C85659C2254A4D500D38D47 /* Raleway-Medium.ttf */ = {isa = PBXFileReference; lastKnownFileType = file; path = "Raleway-Medium.ttf"; sourceTree = "<group>"; };
		2C85659D2254A4D500D38D47 /* Raleway-SemiBold.ttf */ = {isa = PBXFileReference; lastKnownFileType = file; path = "Raleway-SemiBold.ttf"; sourceTree = "<group>"; };
		2C85659E2254A4D500D38D47 /* Raleway-Thin.ttf */ = {isa = PBXFileReference; lastKnownFileType = file; path = "Raleway-Thin.ttf"; sourceTree = "<group>"; };
		2C85659F2254A4D500D38D47 /* Raleway-Regular.ttf */ = {isa = PBXFileReference; lastKnownFileType = file; path = "Raleway-Regular.ttf"; sourceTree = "<group>"; };
		2C8565A02254A4D500D38D47 /* Raleway-ExtraBold.ttf */ = {isa = PBXFileReference; lastKnownFileType = file; path = "Raleway-ExtraBold.ttf"; sourceTree = "<group>"; };
		2C8565A12254A4D500D38D47 /* Raleway-Light.ttf */ = {isa = PBXFileReference; lastKnownFileType = file; path = "Raleway-Light.ttf"; sourceTree = "<group>"; };
		2C8565A22254A4D500D38D47 /* Raleway-ExtraLight.ttf */ = {isa = PBXFileReference; lastKnownFileType = file; path = "Raleway-ExtraLight.ttf"; sourceTree = "<group>"; };
		48E78D8AE2E5BAFAC573C7EC /* Pods_Swap_design.framework */ = {isa = PBXFileReference; explicitFileType = wrapper.framework; includeInIndex = 0; path = Pods_Swap_design.framework; sourceTree = BUILT_PRODUCTS_DIR; };
		864566C9B7A7F13F5DE148CF /* Pods-Swap-design.debug.xcconfig */ = {isa = PBXFileReference; includeInIndex = 1; lastKnownFileType = text.xcconfig; name = "Pods-Swap-design.debug.xcconfig"; path = "Target Support Files/Pods-Swap-design/Pods-Swap-design.debug.xcconfig"; sourceTree = "<group>"; };
		ACB9C17C03483C375A1E4D68 /* Pods-Swap-design.release.xcconfig */ = {isa = PBXFileReference; includeInIndex = 1; lastKnownFileType = text.xcconfig; name = "Pods-Swap-design.release.xcconfig"; path = "Target Support Files/Pods-Swap-design/Pods-Swap-design.release.xcconfig"; sourceTree = "<group>"; };
		DE314D49224CCD1F003BD454 /* Swap-design.app */ = {isa = PBXFileReference; explicitFileType = wrapper.application; includeInIndex = 0; path = "Swap-design.app"; sourceTree = BUILT_PRODUCTS_DIR; };
		DE314D51224CCD1F003BD454 /* Base */ = {isa = PBXFileReference; lastKnownFileType = file.storyboard; name = Base; path = Base.lproj/Main.storyboard; sourceTree = "<group>"; };
		DE314D53224CCD24003BD454 /* Assets.xcassets */ = {isa = PBXFileReference; lastKnownFileType = folder.assetcatalog; path = Assets.xcassets; sourceTree = "<group>"; };
		DE314D56224CCD24003BD454 /* Base */ = {isa = PBXFileReference; lastKnownFileType = file.storyboard; name = Base; path = Base.lproj/LaunchScreen.storyboard; sourceTree = "<group>"; };
		DEA9001022526C1D0018333C /* GoogleService-Info.plist */ = {isa = PBXFileReference; fileEncoding = 4; lastKnownFileType = text.plist.xml; path = "GoogleService-Info.plist"; sourceTree = "<group>"; };
		DEA900122252B2700018333C /* RoundedButton.swift */ = {isa = PBXFileReference; fileEncoding = 4; lastKnownFileType = sourcecode.swift; path = RoundedButton.swift; sourceTree = "<group>"; };
		DEA900132252B2700018333C /* RoundedTopView.swift */ = {isa = PBXFileReference; fileEncoding = 4; lastKnownFileType = sourcecode.swift; path = RoundedTopView.swift; sourceTree = "<group>"; };
		DEA900162253DFC90018333C /* RoundedTextField.swift */ = {isa = PBXFileReference; lastKnownFileType = sourcecode.swift; path = RoundedTextField.swift; sourceTree = "<group>"; };
/* End PBXFileReference section */

/* Begin PBXFrameworksBuildPhase section */
		DE314D46224CCD1F003BD454 /* Frameworks */ = {
			isa = PBXFrameworksBuildPhase;
			buildActionMask = 2147483647;
			files = (
				CC3545D12B194911F520F081 /* Pods_Swap_design.framework in Frameworks */,
			);
			runOnlyForDeploymentPostprocessing = 0;
		};
/* End PBXFrameworksBuildPhase section */

/* Begin PBXGroup section */
		05AE8E5C224E68490000D78A /* View */ = {
			isa = PBXGroup;
			children = (
				DEA900122252B2700018333C /* RoundedButton.swift */,
				DEA900162253DFC90018333C /* RoundedTextField.swift */,
				DEA900132252B2700018333C /* RoundedTopView.swift */,
			);
			path = View;
			sourceTree = "<group>";
		};
		05AE8E5D224E684E0000D78A /* Controller */ = {
			isa = PBXGroup;
			children = (
				0531A9FE2252135C001E96F6 /* Constants.swift */,
				0531AA0022521366001E96F6 /* InstagramLoginViewController.swift */,
				0531AA06225213D0001E96F6 /* LoginViewController.swift */,
				0531AA08225213F7001E96F6 /* ViewController.swift */,
				0531AA0A22521480001E96F6 /* LinksViewController.swift */,
			);
			path = Controller;
			sourceTree = "<group>";
		};
		05AE8E64224E69C40000D78A /* Model */ = {
			isa = PBXGroup;
			children = (
			);
			path = Model;
			sourceTree = "<group>";
		};
		2C85659A2254A49400D38D47 /* Supporting Files */ = {
			isa = PBXGroup;
			children = (
				DE314D50224CCD1F003BD454 /* Main.storyboard */,
				DE314D55224CCD24003BD454 /* LaunchScreen.storyboard */,
				DE314D53224CCD24003BD454 /* Assets.xcassets */,
				2C85659B2254A4C300D38D47 /* Raleway */,
				0531AA042252138C001E96F6 /* Info.plist */,
				DEA9001022526C1D0018333C /* GoogleService-Info.plist */,
			);
			path = "Supporting Files";
			sourceTree = "<group>";
		};
		2C85659B2254A4C300D38D47 /* Raleway */ = {
			isa = PBXGroup;
			children = (
				2C8565A02254A4D500D38D47 /* Raleway-ExtraBold.ttf */,
				2C8565A22254A4D500D38D47 /* Raleway-ExtraLight.ttf */,
				2C8565A12254A4D500D38D47 /* Raleway-Light.ttf */,
				2C85659C2254A4D500D38D47 /* Raleway-Medium.ttf */,
				2C85659F2254A4D500D38D47 /* Raleway-Regular.ttf */,
				2C85659D2254A4D500D38D47 /* Raleway-SemiBold.ttf */,
				2C85659E2254A4D500D38D47 /* Raleway-Thin.ttf */,
			);
			path = Raleway;
			sourceTree = "<group>";
		};
		AAB2F0E75EE29DBEEA0FA6FD /* Pods */ = {
			isa = PBXGroup;
			children = (
				864566C9B7A7F13F5DE148CF /* Pods-Swap-design.debug.xcconfig */,
				ACB9C17C03483C375A1E4D68 /* Pods-Swap-design.release.xcconfig */,
			);
			path = Pods;
			sourceTree = "<group>";
		};
		C765AE7BE3AEBAC54E1ABEB7 /* Frameworks */ = {
			isa = PBXGroup;
			children = (
				48E78D8AE2E5BAFAC573C7EC /* Pods_Swap_design.framework */,
			);
			name = Frameworks;
			sourceTree = "<group>";
		};
		DE314D40224CCD1F003BD454 = {
			isa = PBXGroup;
			children = (
				DE314D4B224CCD1F003BD454 /* Swap-design */,
				DE314D4A224CCD1F003BD454 /* Products */,
				AAB2F0E75EE29DBEEA0FA6FD /* Pods */,
				C765AE7BE3AEBAC54E1ABEB7 /* Frameworks */,
			);
			sourceTree = "<group>";
		};
		DE314D4A224CCD1F003BD454 /* Products */ = {
			isa = PBXGroup;
			children = (
				DE314D49224CCD1F003BD454 /* Swap-design.app */,
			);
			name = Products;
			sourceTree = "<group>";
		};
		DE314D4B224CCD1F003BD454 /* Swap-design */ = {
			isa = PBXGroup;
			children = (
				05AE8E64224E69C40000D78A /* Model */,
				05AE8E5C224E68490000D78A /* View */,
				05AE8E5D224E684E0000D78A /* Controller */,
				2C85659A2254A49400D38D47 /* Supporting Files */,
				0531AA0222521373001E96F6 /* AppDelegate.swift */,
			);
			path = "Swap-design";
			sourceTree = "<group>";
		};
/* End PBXGroup section */

/* Begin PBXNativeTarget section */
		DE314D48224CCD1F003BD454 /* Swap-design */ = {
			isa = PBXNativeTarget;
			buildConfigurationList = DE314D71224CCD25003BD454 /* Build configuration list for PBXNativeTarget "Swap-design" */;
			buildPhases = (
				A1EA8135B89748D5E7239F68 /* [CP] Check Pods Manifest.lock */,
				DE314D45224CCD1F003BD454 /* Sources */,
				DE314D46224CCD1F003BD454 /* Frameworks */,
				DE314D47224CCD1F003BD454 /* Resources */,
				43617C0A47AB6AFC4020196F /* [CP] Embed Pods Frameworks */,
			);
			buildRules = (
			);
			dependencies = (
			);
			name = "Swap-design";
			productName = "Swap-design";
			productReference = DE314D49224CCD1F003BD454 /* Swap-design.app */;
			productType = "com.apple.product-type.application";
		};
/* End PBXNativeTarget section */

/* Begin PBXProject section */
		DE314D41224CCD1F003BD454 /* Project object */ = {
			isa = PBXProject;
			attributes = {
				LastSwiftUpdateCheck = 1020;
				LastUpgradeCheck = 1020;
				ORGANIZATIONNAME = "Marcin Warno";
				TargetAttributes = {
					DE314D48224CCD1F003BD454 = {
						CreatedOnToolsVersion = 10.2;
					};
				};
			};
			buildConfigurationList = DE314D44224CCD1F003BD454 /* Build configuration list for PBXProject "Swap-design" */;
			compatibilityVersion = "Xcode 9.3";
			developmentRegion = en;
			hasScannedForEncodings = 0;
			knownRegions = (
				en,
				Base,
			);
			mainGroup = DE314D40224CCD1F003BD454;
			productRefGroup = DE314D4A224CCD1F003BD454 /* Products */;
			projectDirPath = "";
			projectRoot = "";
			targets = (
				DE314D48224CCD1F003BD454 /* Swap-design */,
			);
		};
/* End PBXProject section */

/* Begin PBXResourcesBuildPhase section */
		DE314D47224CCD1F003BD454 /* Resources */ = {
			isa = PBXResourcesBuildPhase;
			buildActionMask = 2147483647;
			files = (
				2C8565A82254A4D500D38D47 /* Raleway-Light.ttf in Resources */,
				2C8565A52254A4D500D38D47 /* Raleway-Thin.ttf in Resources */,
				2C8565A32254A4D500D38D47 /* Raleway-Medium.ttf in Resources */,
				DE314D57224CCD24003BD454 /* LaunchScreen.storyboard in Resources */,
				2C8565A62254A4D500D38D47 /* Raleway-Regular.ttf in Resources */,
				DE314D54224CCD24003BD454 /* Assets.xcassets in Resources */,
				2C8565A72254A4D500D38D47 /* Raleway-ExtraBold.ttf in Resources */,
				2C8565A92254A4D500D38D47 /* Raleway-ExtraLight.ttf in Resources */,
				DE314D52224CCD1F003BD454 /* Main.storyboard in Resources */,
				DEA9001122526C1D0018333C /* GoogleService-Info.plist in Resources */,
				2C8565A42254A4D500D38D47 /* Raleway-SemiBold.ttf in Resources */,
			);
			runOnlyForDeploymentPostprocessing = 0;
		};
/* End PBXResourcesBuildPhase section */

/* Begin PBXShellScriptBuildPhase section */
		43617C0A47AB6AFC4020196F /* [CP] Embed Pods Frameworks */ = {
			isa = PBXShellScriptBuildPhase;
			buildActionMask = 2147483647;
			files = (
			);
			inputFileListPaths = (
			);
			inputPaths = (
				"${PODS_ROOT}/Target Support Files/Pods-Swap-design/Pods-Swap-design-frameworks.sh",
				"${BUILT_PRODUCTS_DIR}/Bolts/Bolts.framework",
				"${BUILT_PRODUCTS_DIR}/FBSDKCoreKit/FBSDKCoreKit.framework",
				"${BUILT_PRODUCTS_DIR}/FBSDKLoginKit/FBSDKLoginKit.framework",
				"${BUILT_PRODUCTS_DIR}/GTMSessionFetcher/GTMSessionFetcher.framework",
				"${BUILT_PRODUCTS_DIR}/GoogleUtilities/GoogleUtilities.framework",
				"${BUILT_PRODUCTS_DIR}/leveldb-library/leveldb.framework",
				"${BUILT_PRODUCTS_DIR}/nanopb/nanopb.framework",
			);
			name = "[CP] Embed Pods Frameworks";
			outputFileListPaths = (
			);
			outputPaths = (
				"${TARGET_BUILD_DIR}/${FRAMEWORKS_FOLDER_PATH}/Bolts.framework",
				"${TARGET_BUILD_DIR}/${FRAMEWORKS_FOLDER_PATH}/FBSDKCoreKit.framework",
				"${TARGET_BUILD_DIR}/${FRAMEWORKS_FOLDER_PATH}/FBSDKLoginKit.framework",
				"${TARGET_BUILD_DIR}/${FRAMEWORKS_FOLDER_PATH}/GTMSessionFetcher.framework",
				"${TARGET_BUILD_DIR}/${FRAMEWORKS_FOLDER_PATH}/GoogleUtilities.framework",
				"${TARGET_BUILD_DIR}/${FRAMEWORKS_FOLDER_PATH}/leveldb.framework",
				"${TARGET_BUILD_DIR}/${FRAMEWORKS_FOLDER_PATH}/nanopb.framework",
			);
			runOnlyForDeploymentPostprocessing = 0;
			shellPath = /bin/sh;
			shellScript = "\"${PODS_ROOT}/Target Support Files/Pods-Swap-design/Pods-Swap-design-frameworks.sh\"\n";
			showEnvVarsInLog = 0;
		};
		A1EA8135B89748D5E7239F68 /* [CP] Check Pods Manifest.lock */ = {
			isa = PBXShellScriptBuildPhase;
			buildActionMask = 2147483647;
			files = (
			);
			inputFileListPaths = (
			);
			inputPaths = (
				"${PODS_PODFILE_DIR_PATH}/Podfile.lock",
				"${PODS_ROOT}/Manifest.lock",
			);
			name = "[CP] Check Pods Manifest.lock";
			outputFileListPaths = (
			);
			outputPaths = (
				"$(DERIVED_FILE_DIR)/Pods-Swap-design-checkManifestLockResult.txt",
			);
			runOnlyForDeploymentPostprocessing = 0;
			shellPath = /bin/sh;
			shellScript = "diff \"${PODS_PODFILE_DIR_PATH}/Podfile.lock\" \"${PODS_ROOT}/Manifest.lock\" > /dev/null\nif [ $? != 0 ] ; then\n    # print error to STDERR\n    echo \"error: The sandbox is not in sync with the Podfile.lock. Run 'pod install' or update your CocoaPods installation.\" >&2\n    exit 1\nfi\n# This output is used by Xcode 'outputs' to avoid re-running this script phase.\necho \"SUCCESS\" > \"${SCRIPT_OUTPUT_FILE_0}\"\n";
			showEnvVarsInLog = 0;
		};
/* End PBXShellScriptBuildPhase section */

/* Begin PBXSourcesBuildPhase section */
		DE314D45224CCD1F003BD454 /* Sources */ = {
			isa = PBXSourcesBuildPhase;
			buildActionMask = 2147483647;
			files = (
				0531AA09225213F7001E96F6 /* ViewController.swift in Sources */,
				0531AA07225213D0001E96F6 /* LoginViewController.swift in Sources */,
				0531AA0322521373001E96F6 /* AppDelegate.swift in Sources */,
				0531A9FF2252135C001E96F6 /* Constants.swift in Sources */,
				DEA900142252B2710018333C /* RoundedButton.swift in Sources */,
				0531AA0B22521480001E96F6 /* LinksViewController.swift in Sources */,
				DEA900152252B2710018333C /* RoundedTopView.swift in Sources */,
				DEA900172253DFC90018333C /* RoundedTextField.swift in Sources */,
				0531AA0122521366001E96F6 /* InstagramLoginViewController.swift in Sources */,
			);
			runOnlyForDeploymentPostprocessing = 0;
		};
/* End PBXSourcesBuildPhase section */

/* Begin PBXVariantGroup section */
		DE314D50224CCD1F003BD454 /* Main.storyboard */ = {
			isa = PBXVariantGroup;
			children = (
				DE314D51224CCD1F003BD454 /* Base */,
			);
			name = Main.storyboard;
			sourceTree = "<group>";
		};
		DE314D55224CCD24003BD454 /* LaunchScreen.storyboard */ = {
			isa = PBXVariantGroup;
			children = (
				DE314D56224CCD24003BD454 /* Base */,
			);
			name = LaunchScreen.storyboard;
			sourceTree = "<group>";
		};
/* End PBXVariantGroup section */

/* Begin XCBuildConfiguration section */
		DE314D6F224CCD25003BD454 /* Debug */ = {
			isa = XCBuildConfiguration;
			buildSettings = {
				ALWAYS_SEARCH_USER_PATHS = NO;
				CLANG_ANALYZER_NONNULL = YES;
				CLANG_ANALYZER_NUMBER_OBJECT_CONVERSION = YES_AGGRESSIVE;
				CLANG_CXX_LANGUAGE_STANDARD = "gnu++14";
				CLANG_CXX_LIBRARY = "libc++";
				CLANG_ENABLE_MODULES = YES;
				CLANG_ENABLE_OBJC_ARC = YES;
				CLANG_ENABLE_OBJC_WEAK = YES;
				CLANG_WARN_BLOCK_CAPTURE_AUTORELEASING = YES;
				CLANG_WARN_BOOL_CONVERSION = YES;
				CLANG_WARN_COMMA = YES;
				CLANG_WARN_CONSTANT_CONVERSION = YES;
				CLANG_WARN_DEPRECATED_OBJC_IMPLEMENTATIONS = YES;
				CLANG_WARN_DIRECT_OBJC_ISA_USAGE = YES_ERROR;
				CLANG_WARN_DOCUMENTATION_COMMENTS = YES;
				CLANG_WARN_EMPTY_BODY = YES;
				CLANG_WARN_ENUM_CONVERSION = YES;
				CLANG_WARN_INFINITE_RECURSION = YES;
				CLANG_WARN_INT_CONVERSION = YES;
				CLANG_WARN_NON_LITERAL_NULL_CONVERSION = YES;
				CLANG_WARN_OBJC_IMPLICIT_RETAIN_SELF = YES;
				CLANG_WARN_OBJC_LITERAL_CONVERSION = YES;
				CLANG_WARN_OBJC_ROOT_CLASS = YES_ERROR;
				CLANG_WARN_RANGE_LOOP_ANALYSIS = YES;
				CLANG_WARN_STRICT_PROTOTYPES = YES;
				CLANG_WARN_SUSPICIOUS_MOVE = YES;
				CLANG_WARN_UNGUARDED_AVAILABILITY = YES_AGGRESSIVE;
				CLANG_WARN_UNREACHABLE_CODE = YES;
				CLANG_WARN__DUPLICATE_METHOD_MATCH = YES;
				CODE_SIGN_IDENTITY = "iPhone Developer";
				COPY_PHASE_STRIP = NO;
				DEBUG_INFORMATION_FORMAT = dwarf;
				ENABLE_STRICT_OBJC_MSGSEND = YES;
				ENABLE_TESTABILITY = YES;
				GCC_C_LANGUAGE_STANDARD = gnu11;
				GCC_DYNAMIC_NO_PIC = NO;
				GCC_NO_COMMON_BLOCKS = YES;
				GCC_OPTIMIZATION_LEVEL = 0;
				GCC_PREPROCESSOR_DEFINITIONS = (
					"DEBUG=1",
					"$(inherited)",
				);
				GCC_WARN_64_TO_32_BIT_CONVERSION = YES;
				GCC_WARN_ABOUT_RETURN_TYPE = YES_ERROR;
				GCC_WARN_UNDECLARED_SELECTOR = YES;
				GCC_WARN_UNINITIALIZED_AUTOS = YES_AGGRESSIVE;
				GCC_WARN_UNUSED_FUNCTION = YES;
				GCC_WARN_UNUSED_VARIABLE = YES;
				IPHONEOS_DEPLOYMENT_TARGET = 12.2;
				MTL_ENABLE_DEBUG_INFO = INCLUDE_SOURCE;
				MTL_FAST_MATH = YES;
				ONLY_ACTIVE_ARCH = YES;
				SDKROOT = iphoneos;
				SWIFT_ACTIVE_COMPILATION_CONDITIONS = DEBUG;
				SWIFT_OPTIMIZATION_LEVEL = "-Onone";
				SWIFT_VERSION = 4.2;
			};
			name = Debug;
		};
		DE314D70224CCD25003BD454 /* Release */ = {
			isa = XCBuildConfiguration;
			buildSettings = {
				ALWAYS_SEARCH_USER_PATHS = NO;
				CLANG_ANALYZER_NONNULL = YES;
				CLANG_ANALYZER_NUMBER_OBJECT_CONVERSION = YES_AGGRESSIVE;
				CLANG_CXX_LANGUAGE_STANDARD = "gnu++14";
				CLANG_CXX_LIBRARY = "libc++";
				CLANG_ENABLE_MODULES = YES;
				CLANG_ENABLE_OBJC_ARC = YES;
				CLANG_ENABLE_OBJC_WEAK = YES;
				CLANG_WARN_BLOCK_CAPTURE_AUTORELEASING = YES;
				CLANG_WARN_BOOL_CONVERSION = YES;
				CLANG_WARN_COMMA = YES;
				CLANG_WARN_CONSTANT_CONVERSION = YES;
				CLANG_WARN_DEPRECATED_OBJC_IMPLEMENTATIONS = YES;
				CLANG_WARN_DIRECT_OBJC_ISA_USAGE = YES_ERROR;
				CLANG_WARN_DOCUMENTATION_COMMENTS = YES;
				CLANG_WARN_EMPTY_BODY = YES;
				CLANG_WARN_ENUM_CONVERSION = YES;
				CLANG_WARN_INFINITE_RECURSION = YES;
				CLANG_WARN_INT_CONVERSION = YES;
				CLANG_WARN_NON_LITERAL_NULL_CONVERSION = YES;
				CLANG_WARN_OBJC_IMPLICIT_RETAIN_SELF = YES;
				CLANG_WARN_OBJC_LITERAL_CONVERSION = YES;
				CLANG_WARN_OBJC_ROOT_CLASS = YES_ERROR;
				CLANG_WARN_RANGE_LOOP_ANALYSIS = YES;
				CLANG_WARN_STRICT_PROTOTYPES = YES;
				CLANG_WARN_SUSPICIOUS_MOVE = YES;
				CLANG_WARN_UNGUARDED_AVAILABILITY = YES_AGGRESSIVE;
				CLANG_WARN_UNREACHABLE_CODE = YES;
				CLANG_WARN__DUPLICATE_METHOD_MATCH = YES;
				CODE_SIGN_IDENTITY = "iPhone Developer";
				COPY_PHASE_STRIP = NO;
				DEBUG_INFORMATION_FORMAT = "dwarf-with-dsym";
				ENABLE_NS_ASSERTIONS = NO;
				ENABLE_STRICT_OBJC_MSGSEND = YES;
				GCC_C_LANGUAGE_STANDARD = gnu11;
				GCC_NO_COMMON_BLOCKS = YES;
				GCC_WARN_64_TO_32_BIT_CONVERSION = YES;
				GCC_WARN_ABOUT_RETURN_TYPE = YES_ERROR;
				GCC_WARN_UNDECLARED_SELECTOR = YES;
				GCC_WARN_UNINITIALIZED_AUTOS = YES_AGGRESSIVE;
				GCC_WARN_UNUSED_FUNCTION = YES;
				GCC_WARN_UNUSED_VARIABLE = YES;
				IPHONEOS_DEPLOYMENT_TARGET = 12.2;
				MTL_ENABLE_DEBUG_INFO = NO;
				MTL_FAST_MATH = YES;
				SDKROOT = iphoneos;
				SWIFT_COMPILATION_MODE = wholemodule;
				SWIFT_OPTIMIZATION_LEVEL = "-O";
				SWIFT_VERSION = 4.2;
				VALIDATE_PRODUCT = YES;
			};
			name = Release;
		};
		DE314D72224CCD25003BD454 /* Debug */ = {
			isa = XCBuildConfiguration;
			baseConfigurationReference = 864566C9B7A7F13F5DE148CF /* Pods-Swap-design.debug.xcconfig */;
			buildSettings = {
				ASSETCATALOG_COMPILER_APPICON_NAME = AppIcon;
				CODE_SIGN_STYLE = Automatic;
				DEVELOPMENT_TEAM = XCE2KG2482;
				INFOPLIST_FILE = "$(SRCROOT)/Swap-design/Supporting Files/Info.plist";
				IPHONEOS_DEPLOYMENT_TARGET = 12.1;
				LD_RUNPATH_SEARCH_PATHS = (
					"$(inherited)",
					"@executable_path/Frameworks",
				);
				PRODUCT_BUNDLE_IDENTIFIER = "swap.Swap-design";
				PRODUCT_NAME = "$(TARGET_NAME)";
				SWIFT_VERSION = 4.2;
				TARGETED_DEVICE_FAMILY = "1,2";
			};
			name = Debug;
		};
		DE314D73224CCD25003BD454 /* Release */ = {
			isa = XCBuildConfiguration;
			baseConfigurationReference = ACB9C17C03483C375A1E4D68 /* Pods-Swap-design.release.xcconfig */;
			buildSettings = {
				ASSETCATALOG_COMPILER_APPICON_NAME = AppIcon;
				CODE_SIGN_STYLE = Automatic;
				DEVELOPMENT_TEAM = XCE2KG2482;
				INFOPLIST_FILE = "$(SRCROOT)/Swap-design/Supporting Files/Info.plist";
				IPHONEOS_DEPLOYMENT_TARGET = 12.1;
				LD_RUNPATH_SEARCH_PATHS = (
					"$(inherited)",
					"@executable_path/Frameworks",
				);
				PRODUCT_BUNDLE_IDENTIFIER = "swap.Swap-design";
				PRODUCT_NAME = "$(TARGET_NAME)";
				SWIFT_VERSION = 4.2;
				TARGETED_DEVICE_FAMILY = "1,2";
			};
			name = Release;
		};
/* End XCBuildConfiguration section */

/* Begin XCConfigurationList section */
		DE314D44224CCD1F003BD454 /* Build configuration list for PBXProject "Swap-design" */ = {
			isa = XCConfigurationList;
			buildConfigurations = (
				DE314D6F224CCD25003BD454 /* Debug */,
				DE314D70224CCD25003BD454 /* Release */,
			);
			defaultConfigurationIsVisible = 0;
			defaultConfigurationName = Release;
		};
		DE314D71224CCD25003BD454 /* Build configuration list for PBXNativeTarget "Swap-design" */ = {
			isa = XCConfigurationList;
			buildConfigurations = (
				DE314D72224CCD25003BD454 /* Debug */,
				DE314D73224CCD25003BD454 /* Release */,
			);
			defaultConfigurationIsVisible = 0;
			defaultConfigurationName = Release;
		};
/* End XCConfigurationList section */
	};
	rootObject = DE314D41224CCD1F003BD454 /* Project object */;
}
